// !$*UTF8*$!
{
	archiveVersion = 1;
	classes = {
	};
	objectVersion = 46;
	objects = {

/* Begin PBXBuildFile section */
		C02338201EEB3A2F006C13E2 /* main.cpp in Sources */ = {isa = PBXBuildFile; fileRef = C023381F1EEB3A2F006C13E2 /* main.cpp */; };
		C02338281EEB424E006C13E2 /* parameter.cpp in Sources */ = {isa = PBXBuildFile; fileRef = C02338271EEB424E006C13E2 /* parameter.cpp */; };
		C023382B1EEC781B006C13E2 /* collectionofparameters.cpp in Sources */ = {isa = PBXBuildFile; fileRef = C02338291EEC781B006C13E2 /* collectionofparameters.cpp */; };
		C023382E1EECA08B006C13E2 /* comparecollections.cpp in Sources */ = {isa = PBXBuildFile; fileRef = C023382C1EECA08B006C13E2 /* comparecollections.cpp */; };
		C02338311EEEFB91006C13E2 /* recurrencecoefficients.cpp in Sources */ = {isa = PBXBuildFile; fileRef = C023382F1EEEFB91006C13E2 /* recurrencecoefficients.cpp */; };
/* End PBXBuildFile section */

/* Begin PBXCopyFilesBuildPhase section */
		C023381A1EEB3A2F006C13E2 /* CopyFiles */ = {
			isa = PBXCopyFilesBuildPhase;
			buildActionMask = 2147483647;
			dstPath = /usr/share/man/man1/;
			dstSubfolderSpec = 0;
			files = (
			);
			runOnlyForDeploymentPostprocessing = 1;
		};
/* End PBXCopyFilesBuildPhase section */

/* Begin PBXFileReference section */
		C023381C1EEB3A2F006C13E2 /* EQuad */ = {isa = PBXFileReference; explicitFileType = "compiled.mach-o.executable"; includeInIndex = 0; path = EQuad; sourceTree = BUILT_PRODUCTS_DIR; };
		C023381F1EEB3A2F006C13E2 /* main.cpp */ = {isa = PBXFileReference; lastKnownFileType = sourcecode.cpp.cpp; path = main.cpp; sourceTree = "<group>"; };
		C02338261EEB4229006C13E2 /* parameter.h */ = {isa = PBXFileReference; lastKnownFileType = sourcecode.c.h; path = parameter.h; sourceTree = "<group>"; };
		C02338271EEB424E006C13E2 /* parameter.cpp */ = {isa = PBXFileReference; fileEncoding = 4; lastKnownFileType = sourcecode.cpp.cpp; path = parameter.cpp; sourceTree = "<group>"; };
		C02338291EEC781B006C13E2 /* collectionofparameters.cpp */ = {isa = PBXFileReference; fileEncoding = 4; lastKnownFileType = sourcecode.cpp.cpp; path = collectionofparameters.cpp; sourceTree = "<group>"; };
		C023382A1EEC781B006C13E2 /* collectionofparameters.hpp */ = {isa = PBXFileReference; fileEncoding = 4; lastKnownFileType = sourcecode.cpp.h; path = collectionofparameters.hpp; sourceTree = "<group>"; };
		C023382C1EECA08B006C13E2 /* comparecollections.cpp */ = {isa = PBXFileReference; fileEncoding = 4; lastKnownFileType = sourcecode.cpp.cpp; path = comparecollections.cpp; sourceTree = "<group>"; };
		C023382D1EECA08B006C13E2 /* comparecollections.hpp */ = {isa = PBXFileReference; fileEncoding = 4; lastKnownFileType = sourcecode.cpp.h; path = comparecollections.hpp; sourceTree = "<group>"; };
		C023382F1EEEFB91006C13E2 /* recurrencecoefficients.cpp */ = {isa = PBXFileReference; fileEncoding = 4; lastKnownFileType = sourcecode.cpp.cpp; path = recurrencecoefficients.cpp; sourceTree = "<group>"; };
		C02338301EEEFB91006C13E2 /* recurrencecoefficients.hpp */ = {isa = PBXFileReference; fileEncoding = 4; lastKnownFileType = sourcecode.cpp.h; path = recurrencecoefficients.hpp; sourceTree = "<group>"; };
/* End PBXFileReference section */

/* Begin PBXFrameworksBuildPhase section */
		C02338191EEB3A2F006C13E2 /* Frameworks */ = {
			isa = PBXFrameworksBuildPhase;
			buildActionMask = 2147483647;
			files = (
			);
			runOnlyForDeploymentPostprocessing = 0;
		};
/* End PBXFrameworksBuildPhase section */

/* Begin PBXGroup section */
		C02338131EEB3A2F006C13E2 = {
			isa = PBXGroup;
			children = (
				C023381E1EEB3A2F006C13E2 /* EQuad */,
				C023381D1EEB3A2F006C13E2 /* Products */,
			);
			sourceTree = "<group>";
		};
		C023381D1EEB3A2F006C13E2 /* Products */ = {
			isa = PBXGroup;
			children = (
				C023381C1EEB3A2F006C13E2 /* EQuad */,
			);
			name = Products;
			sourceTree = "<group>";
		};
		C023381E1EEB3A2F006C13E2 /* EQuad */ = {
			isa = PBXGroup;
			children = (
				C023381F1EEB3A2F006C13E2 /* main.cpp */,
				C02338261EEB4229006C13E2 /* parameter.h */,
				C02338291EEC781B006C13E2 /* collectionofparameters.cpp */,
				C023382A1EEC781B006C13E2 /* collectionofparameters.hpp */,
				C02338271EEB424E006C13E2 /* parameter.cpp */,
				C023382F1EEEFB91006C13E2 /* recurrencecoefficients.cpp */,
				C02338301EEEFB91006C13E2 /* recurrencecoefficients.hpp */,
				C023382C1EECA08B006C13E2 /* comparecollections.cpp */,
				C023382D1EECA08B006C13E2 /* comparecollections.hpp */,
			);
			path = EQuad;
			sourceTree = "<group>";
		};
/* End PBXGroup section */

/* Begin PBXNativeTarget section */
		C023381B1EEB3A2F006C13E2 /* EQuad */ = {
			isa = PBXNativeTarget;
			buildConfigurationList = C02338231EEB3A2F006C13E2 /* Build configuration list for PBXNativeTarget "EQuad" */;
			buildPhases = (
				C02338181EEB3A2F006C13E2 /* Sources */,
				C02338191EEB3A2F006C13E2 /* Frameworks */,
				C023381A1EEB3A2F006C13E2 /* CopyFiles */,
			);
			buildRules = (
			);
			dependencies = (
			);
			name = EQuad;
			productName = EQuad;
			productReference = C023381C1EEB3A2F006C13E2 /* EQuad */;
			productType = "com.apple.product-type.tool";
		};
/* End PBXNativeTarget section */

/* Begin PBXProject section */
		C02338141EEB3A2F006C13E2 /* Project object */ = {
			isa = PBXProject;
			attributes = {
				LastUpgradeCheck = 0830;
				ORGANIZATIONNAME = "Pranay Seshadri";
				TargetAttributes = {
					C023381B1EEB3A2F006C13E2 = {
						CreatedOnToolsVersion = 8.3.2;
						ProvisioningStyle = Automatic;
					};
				};
			};
			buildConfigurationList = C02338171EEB3A2F006C13E2 /* Build configuration list for PBXProject "EQuad" */;
			compatibilityVersion = "Xcode 3.2";
			developmentRegion = English;
			hasScannedForEncodings = 0;
			knownRegions = (
				en,
			);
			mainGroup = C02338131EEB3A2F006C13E2;
			productRefGroup = C023381D1EEB3A2F006C13E2 /* Products */;
			projectDirPath = "";
			projectRoot = "";
			targets = (
				C023381B1EEB3A2F006C13E2 /* EQuad */,
			);
		};
/* End PBXProject section */

/* Begin PBXSourcesBuildPhase section */
		C02338181EEB3A2F006C13E2 /* Sources */ = {
			isa = PBXSourcesBuildPhase;
			buildActionMask = 2147483647;
			files = (
				C023382B1EEC781B006C13E2 /* collectionofparameters.cpp in Sources */,
				C02338311EEEFB91006C13E2 /* recurrencecoefficients.cpp in Sources */,
				C023382E1EECA08B006C13E2 /* comparecollections.cpp in Sources */,
				C02338201EEB3A2F006C13E2 /* main.cpp in Sources */,
				C02338281EEB424E006C13E2 /* parameter.cpp in Sources */,
			);
			runOnlyForDeploymentPostprocessing = 0;
		};
/* End PBXSourcesBuildPhase section */

/* Begin XCBuildConfiguration section */
		C02338211EEB3A2F006C13E2 /* Debug */ = {
			isa = XCBuildConfiguration;
			buildSettings = {
				ALWAYS_SEARCH_USER_PATHS = NO;
				CLANG_ANALYZER_NONNULL = YES;
				CLANG_ANALYZER_NUMBER_OBJECT_CONVERSION = YES_AGGRESSIVE;
				CLANG_CXX_LANGUAGE_STANDARD = "gnu++0x";
				CLANG_CXX_LIBRARY = "libc++";
				CLANG_ENABLE_MODULES = YES;
				CLANG_ENABLE_OBJC_ARC = YES;
				CLANG_WARN_BOOL_CONVERSION = YES;
				CLANG_WARN_CONSTANT_CONVERSION = YES;
				CLANG_WARN_DIRECT_OBJC_ISA_USAGE = YES_ERROR;
				CLANG_WARN_DOCUMENTATION_COMMENTS = YES;
				CLANG_WARN_EMPTY_BODY = YES;
				CLANG_WARN_ENUM_CONVERSION = YES;
				CLANG_WARN_INFINITE_RECURSION = YES;
				CLANG_WARN_INT_CONVERSION = YES;
				CLANG_WARN_OBJC_ROOT_CLASS = YES_ERROR;
				CLANG_WARN_SUSPICIOUS_MOVE = YES;
				CLANG_WARN_UNREACHABLE_CODE = YES;
				CLANG_WARN__DUPLICATE_METHOD_MATCH = YES;
				CODE_SIGN_IDENTITY = "-";
				COPY_PHASE_STRIP = NO;
				DEBUG_INFORMATION_FORMAT = dwarf;
				ENABLE_STRICT_OBJC_MSGSEND = YES;
				ENABLE_TESTABILITY = YES;
				GCC_C_LANGUAGE_STANDARD = gnu99;
				GCC_DYNAMIC_NO_PIC = NO;
				GCC_NO_COMMON_BLOCKS = YES;
				GCC_OPTIMIZATION_LEVEL = 0;
				GCC_PREPROCESSOR_DEFINITIONS = (
					"DEBUG=1",
					"$(inherited)",
				);
				GCC_WARN_64_TO_32_BIT_CONVERSION = YES;
				GCC_WARN_ABOUT_RETURN_TYPE = YES_ERROR;
				GCC_WARN_UNDECLARED_SELECTOR = YES;
				GCC_WARN_UNINITIALIZED_AUTOS = YES_AGGRESSIVE;
				GCC_WARN_UNUSED_FUNCTION = YES;
				GCC_WARN_UNUSED_VARIABLE = YES;
				MACOSX_DEPLOYMENT_TARGET = 10.12;
				MTL_ENABLE_DEBUG_INFO = YES;
				ONLY_ACTIVE_ARCH = YES;
				SDKROOT = macosx;
			};
			name = Debug;
		};
		C02338221EEB3A2F006C13E2 /* Release */ = {
			isa = XCBuildConfiguration;
			buildSettings = {
				ALWAYS_SEARCH_USER_PATHS = NO;
				CLANG_ANALYZER_NONNULL = YES;
				CLANG_ANALYZER_NUMBER_OBJECT_CONVERSION = YES_AGGRESSIVE;
				CLANG_CXX_LANGUAGE_STANDARD = "gnu++0x";
				CLANG_CXX_LIBRARY = "libc++";
				CLANG_ENABLE_MODULES = YES;
				CLANG_ENABLE_OBJC_ARC = YES;
				CLANG_WARN_BOOL_CONVERSION = YES;
				CLANG_WARN_CONSTANT_CONVERSION = YES;
				CLANG_WARN_DIRECT_OBJC_ISA_USAGE = YES_ERROR;
				CLANG_WARN_DOCUMENTATION_COMMENTS = YES;
				CLANG_WARN_EMPTY_BODY = YES;
				CLANG_WARN_ENUM_CONVERSION = YES;
				CLANG_WARN_INFINITE_RECURSION = YES;
				CLANG_WARN_INT_CONVERSION = YES;
				CLANG_WARN_OBJC_ROOT_CLASS = YES_ERROR;
				CLANG_WARN_SUSPICIOUS_MOVE = YES;
				CLANG_WARN_UNREACHABLE_CODE = YES;
				CLANG_WARN__DUPLICATE_METHOD_MATCH = YES;
				CODE_SIGN_IDENTITY = "-";
				COPY_PHASE_STRIP = NO;
				DEBUG_INFORMATION_FORMAT = "dwarf-with-dsym";
				ENABLE_NS_ASSERTIONS = NO;
				ENABLE_STRICT_OBJC_MSGSEND = YES;
				GCC_C_LANGUAGE_STANDARD = gnu99;
				GCC_NO_COMMON_BLOCKS = YES;
				GCC_WARN_64_TO_32_BIT_CONVERSION = YES;
				GCC_WARN_ABOUT_RETURN_TYPE = YES_ERROR;
				GCC_WARN_UNDECLARED_SELECTOR = YES;
				GCC_WARN_UNINITIALIZED_AUTOS = YES_AGGRESSIVE;
				GCC_WARN_UNUSED_FUNCTION = YES;
				GCC_WARN_UNUSED_VARIABLE = YES;
				MACOSX_DEPLOYMENT_TARGET = 10.12;
				MTL_ENABLE_DEBUG_INFO = NO;
				SDKROOT = macosx;
			};
			name = Release;
		};
		C02338241EEB3A2F006C13E2 /* Debug */ = {
			isa = XCBuildConfiguration;
			buildSettings = {
				GCC_INPUT_FILETYPE = sourcecode.cpp.objcpp;
				HEADER_SEARCH_PATHS = /usr/local/;
				PRODUCT_NAME = "$(TARGET_NAME)";
			};
			name = Debug;
		};
		C02338251EEB3A2F006C13E2 /* Release */ = {
			isa = XCBuildConfiguration;
			buildSettings = {
				GCC_INPUT_FILETYPE = sourcecode.cpp.objcpp;
				HEADER_SEARCH_PATHS = /usr/local/;
				PRODUCT_NAME = "$(TARGET_NAME)";
			};
			name = Release;
		};
/* End XCBuildConfiguration section */

/* Begin XCConfigurationList section */
		C02338171EEB3A2F006C13E2 /* Build configuration list for PBXProject "EQuad" */ = {
			isa = XCConfigurationList;
			buildConfigurations = (
				C02338211EEB3A2F006C13E2 /* Debug */,
				C02338221EEB3A2F006C13E2 /* Release */,
			);
			defaultConfigurationIsVisible = 0;
			defaultConfigurationName = Release;
		};
		C02338231EEB3A2F006C13E2 /* Build configuration list for PBXNativeTarget "EQuad" */ = {
			isa = XCConfigurationList;
			buildConfigurations = (
				C02338241EEB3A2F006C13E2 /* Debug */,
				C02338251EEB3A2F006C13E2 /* Release */,
			);
			defaultConfigurationIsVisible = 0;
			defaultConfigurationName = Release;
		};
/* End XCConfigurationList section */
	};
	rootObject = C02338141EEB3A2F006C13E2 /* Project object */;
}
